
Microsoft Visual Studio Solution File, Format Version 12.00
# Visual Studio Version 17
VisualStudioVersion = 17.13.35931.197
MinimumVisualStudioVersion = 10.0.40219.1
Project("{2150E333-8FDC-42A3-9474-1A3956D46DE8}") = "src", "src", "{02EA681E-C7D8-13C7-8484-4AC65E1B71E8}"
	ProjectSection(SolutionItems) = preProject
		WebApi\Dockerfile = WebApi\Dockerfile
	EndProjectSection
EndProject
Project("{FAE04EC0-301F-11D3-BF4B-00C04F79EFBC}") = "Domain", "Domain\Domain.csproj", "{46453E3D-94C6-4603-8475-685E5FEA7D5C}"
EndProject
Project("{FAE04EC0-301F-11D3-BF4B-00C04F79EFBC}") = "Application", "Application\Application.csproj", "{DAA9A29C-2ED1-4FE2-BDB8-16AB999BB78C}"
EndProject
Project("{FAE04EC0-301F-11D3-BF4B-00C04F79EFBC}") = "Infrastructure", "Infrastructure\Infrastructure.csproj", "{7E2ED312-BF8B-4148-8DFB-783E06732B3F}"
EndProject
Project("{FAE04EC0-301F-11D3-BF4B-00C04F79EFBC}") = "presentation", "presentation\presentation.csproj", "{6DA90871-054D-4DE0-A924-23774F8C396D}"
EndProject
Project("{FAE04EC0-301F-11D3-BF4B-00C04F79EFBC}") = "WebApi", "WebApi\WebApi.csproj", "{04EABCF7-EAE9-42B1-BA4C-F9E58010AE3A}"
EndProject
Global
	GlobalSection(SolutionConfigurationPlatforms) = preSolution
		Debug|Any CPU = Debug|Any CPU
		Release|Any CPU = Release|Any CPU
	EndGlobalSection
	GlobalSection(ProjectConfigurationPlatforms) = postSolution
		{46453E3D-94C6-4603-8475-685E5FEA7D5C}.Debug|Any CPU.ActiveCfg = Debug|Any CPU
		{46453E3D-94C6-4603-8475-685E5FEA7D5C}.Debug|Any CPU.Build.0 = Debug|Any CPU
		{46453E3D-94C6-4603-8475-685E5FEA7D5C}.Release|Any CPU.ActiveCfg = Release|Any CPU
		{46453E3D-94C6-4603-8475-685E5FEA7D5C}.Release|Any CPU.Build.0 = Release|Any CPU
		{DAA9A29C-2ED1-4FE2-BDB8-16AB999BB78C}.Debug|Any CPU.ActiveCfg = Debug|Any CPU
		{DAA9A29C-2ED1-4FE2-BDB8-16AB999BB78C}.Debug|Any CPU.Build.0 = Debug|Any CPU
		{DAA9A29C-2ED1-4FE2-BDB8-16AB999BB78C}.Release|Any CPU.ActiveCfg = Release|Any CPU
		{DAA9A29C-2ED1-4FE2-BDB8-16AB999BB78C}.Release|Any CPU.Build.0 = Release|Any CPU
		{7E2ED312-BF8B-4148-8DFB-783E06732B3F}.Debug|Any CPU.ActiveCfg = Debug|Any CPU
		{7E2ED312-BF8B-4148-8DFB-783E06732B3F}.Debug|Any CPU.Build.0 = Debug|Any CPU
		{7E2ED312-BF8B-4148-8DFB-783E06732B3F}.Release|Any CPU.ActiveCfg = Release|Any CPU
		{7E2ED312-BF8B-4148-8DFB-783E06732B3F}.Release|Any CPU.Build.0 = Release|Any CPU
		{6DA90871-054D-4DE0-A924-23774F8C396D}.Debug|Any CPU.ActiveCfg = Debug|Any CPU
		{6DA90871-054D-4DE0-A924-23774F8C396D}.Debug|Any CPU.Build.0 = Debug|Any CPU
		{6DA90871-054D-4DE0-A924-23774F8C396D}.Release|Any CPU.ActiveCfg = Release|Any CPU
		{6DA90871-054D-4DE0-A924-23774F8C396D}.Release|Any CPU.Build.0 = Release|Any CPU
		{04EABCF7-EAE9-42B1-BA4C-F9E58010AE3A}.Debug|Any CPU.ActiveCfg = Debug|Any CPU
		{04EABCF7-EAE9-42B1-BA4C-F9E58010AE3A}.Debug|Any CPU.Build.0 = Debug|Any CPU
		{04EABCF7-EAE9-42B1-BA4C-F9E58010AE3A}.Release|Any CPU.ActiveCfg = Release|Any CPU
		{04EABCF7-EAE9-42B1-BA4C-F9E58010AE3A}.Release|Any CPU.Build.0 = Release|Any CPU
	EndGlobalSection
	GlobalSection(SolutionProperties) = preSolution
		HideSolutionNode = FALSE
	EndGlobalSection
	GlobalSection(NestedProjects) = preSolution
		{46453E3D-94C6-4603-8475-685E5FEA7D5C} = {02EA681E-C7D8-13C7-8484-4AC65E1B71E8}
		{DAA9A29C-2ED1-4FE2-BDB8-16AB999BB78C} = {02EA681E-C7D8-13C7-8484-4AC65E1B71E8}
		{7E2ED312-BF8B-4148-8DFB-783E06732B3F} = {02EA681E-C7D8-13C7-8484-4AC65E1B71E8}
		{6DA90871-054D-4DE0-A924-23774F8C396D} = {02EA681E-C7D8-13C7-8484-4AC65E1B71E8}
		{04EABCF7-EAE9-42B1-BA4C-F9E58010AE3A} = {02EA681E-C7D8-13C7-8484-4AC65E1B71E8}
	EndGlobalSection
	GlobalSection(ExtensibilityGlobals) = postSolution
		SolutionGuid = {234D1D89-90FA-47AE-A2F8-3E1CC8911081}
	EndGlobalSection
EndGlobal
